github.com/golang/glog v1.1.1 h1:jxpi2eWoU84wbX9iIEyAeeoac3FLuifZpY9tcNUD9kw=
github.com/golang/glog v1.1.1/go.mod h1:zR+okUeTbrL6EL3xHUDxZuEtGv04p5shwip1+mL/rLQ=
github.com/lainio/err2 v0.9.40 h1:FNTxI2H0qOrwUeeXQB6AUZXhclTZ35K3PAoriuNHEGE=
github.com/lainio/err2 v0.9.40/go.mod h1:glTVV2qNFbBy6WzZFDP2G5BqMiZI58cudp588cEgCuM=
golang.org/x/exp v0.0.0-20230105202349-8879d0199aa3 h1:fJwx88sMf5RXwDwziL0/Mn9Wqs+efMSo/RYcL+37W9c=
golang.org/x/exp v0.0.0-20230105202349-8879d0199aa3/go.mod h1:CxIveKay+FTh1D0yPZemJVgC/95VzuuOLq5Qi4xnoYc=
