github.com/golang/glog v1.0.0 h1:nfP3RFugxnNRyKgeWd4oI1nYvXpxrx8ck8ZrcizshdQ=
github.com/golang/glog v1.0.0/go.mod h1:EWib/APOK0SL3dFbYqvxE3UYd8E6s1ouQ7iEp/0LWV4=
github.com/lainio/err2 v0.8.13 h1:Z343j4s/ld+T/1wMKV+jYchtID266TC8f0UIuJhpM3Q=
github.com/lainio/err2 v0.8.13/go.mod h1:FmcNs9IbLaDMScvPX4iO5dBsbHl8EnS3ybqP31z/RUk=
